
Microsoft Visual Studio Solution File, Format Version 12.00
# Visual Studio Version 17
VisualStudioVersion = 17.4.33213.308
MinimumVisualStudioVersion = 10.0.40219.1
Project("{9A19103F-16F7-4668-BE54-9A1E7A4F7556}") = "BlackDigital.Mvc", "src\BlackDigital.Mvc.csproj", "{86C4D94C-7E43-4B7A-8F27-68F9AEE63BF3}"
EndProject
Project("{9A19103F-16F7-4668-BE54-9A1E7A4F7556}") = "BlackDigital.Mvc.Example", "example\BlackDigital.Mvc.Example.csproj", "{11949A78-DF7F-4018-A974-8C69A462BDCD}"
EndProject
Project("{9A19103F-16F7-4668-BE54-9A1E7A4F7556}") = "BlackDigital.Mvc.Test", "test\BlackDigital.Mvc.Test.csproj", "{F3B65351-1D90-4CF4-BFCA-69D017C34C3A}"
EndProject
Project("{2150E333-8FDC-42A3-9474-1A3956D46DE8}") = "Externs", "Externs", "{E48A4769-73A7-44DE-8F32-D5D133FC7671}"
EndProject
Project("{9A19103F-16F7-4668-BE54-9A1E7A4F7556}") = "BlackDigital", "..\blackdigital-net\src\BlackDigital.csproj", "{C94E4B9F-8DB0-4903-9CF1-7DF08666C25B}"
EndProject
Global
	GlobalSection(SolutionConfigurationPlatforms) = preSolution
		Debug|Any CPU = Debug|Any CPU
		Release|Any CPU = Release|Any CPU
	EndGlobalSection
	GlobalSection(ProjectConfigurationPlatforms) = postSolution
		{86C4D94C-7E43-4B7A-8F27-68F9AEE63BF3}.Debug|Any CPU.ActiveCfg = Debug|Any CPU
		{86C4D94C-7E43-4B7A-8F27-68F9AEE63BF3}.Debug|Any CPU.Build.0 = Debug|Any CPU
		{86C4D94C-7E43-4B7A-8F27-68F9AEE63BF3}.Release|Any CPU.ActiveCfg = Release|Any CPU
		{86C4D94C-7E43-4B7A-8F27-68F9AEE63BF3}.Release|Any CPU.Build.0 = Release|Any CPU
		{11949A78-DF7F-4018-A974-8C69A462BDCD}.Debug|Any CPU.ActiveCfg = Debug|Any CPU
		{11949A78-DF7F-4018-A974-8C69A462BDCD}.Debug|Any CPU.Build.0 = Debug|Any CPU
		{11949A78-DF7F-4018-A974-8C69A462BDCD}.Release|Any CPU.ActiveCfg = Release|Any CPU
		{11949A78-DF7F-4018-A974-8C69A462BDCD}.Release|Any CPU.Build.0 = Release|Any CPU
		{F3B65351-1D90-4CF4-BFCA-69D017C34C3A}.Debug|Any CPU.ActiveCfg = Debug|Any CPU
		{F3B65351-1D90-4CF4-BFCA-69D017C34C3A}.Debug|Any CPU.Build.0 = Debug|Any CPU
		{F3B65351-1D90-4CF4-BFCA-69D017C34C3A}.Release|Any CPU.ActiveCfg = Release|Any CPU
		{F3B65351-1D90-4CF4-BFCA-69D017C34C3A}.Release|Any CPU.Build.0 = Release|Any CPU
		{C94E4B9F-8DB0-4903-9CF1-7DF08666C25B}.Debug|Any CPU.ActiveCfg = Debug|Any CPU
		{C94E4B9F-8DB0-4903-9CF1-7DF08666C25B}.Debug|Any CPU.Build.0 = Debug|Any CPU
		{C94E4B9F-8DB0-4903-9CF1-7DF08666C25B}.Release|Any CPU.ActiveCfg = Release|Any CPU
		{C94E4B9F-8DB0-4903-9CF1-7DF08666C25B}.Release|Any CPU.Build.0 = Release|Any CPU
	EndGlobalSection
	GlobalSection(SolutionProperties) = preSolution
		HideSolutionNode = FALSE
	EndGlobalSection
	GlobalSection(NestedProjects) = preSolution
		{C94E4B9F-8DB0-4903-9CF1-7DF08666C25B} = {E48A4769-73A7-44DE-8F32-D5D133FC7671}
	EndGlobalSection
	GlobalSection(ExtensibilityGlobals) = postSolution
		SolutionGuid = {1EF849F3-37B6-4992-AAA5-0DDEE59B68E3}
	EndGlobalSection
EndGlobal
